<Solution>
  <Folder Name="/Solution Items/">
    <File Path=".gitignore" />
  </Folder>
  <Folder Name="/src/">
    <Project Path="Application/Application.csproj" Id="515d607f-9720-493e-bc5c-676b9a737779" />
    <Project Path="Domain/Domain.csproj" />
    <Project Path="Infrastructure/Infrastructure.csproj" Id="d613e239-4388-4b9c-91cc-151814db4ff1" />
  </Folder>
  <Folder Name="/test/" />
</Solution>
